{
  "requires": true,
  "lockfileVersion": 1,
  "dependencies": {
    "@interactjs/actions": {
      "version": "1.4.0-rc.0",
      "resolved": "https://registry.npmjs.org/@interactjs/actions/-/actions-1.4.0-rc.0.tgz",
      "integrity": "sha512-3V21wze9oAk3rtQDilxbDQRxSaNdXuOnlagD97hgyd/SloktoMV69E9T6jpkIonTv75vBLBIjrrPeboMvvALFw=="
    },
    "@interactjs/auto-scroll": {
      "version": "1.4.0-rc.0",
      "resolved": "https://registry.npmjs.org/@interactjs/auto-scroll/-/auto-scroll-1.4.0-rc.0.tgz",
      "integrity": "sha512-kpRdebq62SW4HG29E2Mo/Cw/kiJjA8gUIGM+aKKbtQGgaD/9V0F5UTfK34Tp1AL3p3SCtrtnEsqxw2/FStLmzg=="
    },
    "@interactjs/auto-start": {
      "version": "1.4.0-rc.0",
      "resolved": "https://registry.npmjs.org/@interactjs/auto-start/-/auto-start-1.4.0-rc.0.tgz",
      "integrity": "sha512-RjqGGaUK9wS+WhQ44eH6hCHMXh0bZGmBNvuMMyI5zDG1CszIst2D0QSNgY093nD0W2qMjsCZXBt4AKgk/YePzw=="
    },
    "@interactjs/core": {
      "version": "1.4.0-rc.0",
      "resolved": "https://registry.npmjs.org/@interactjs/core/-/core-1.4.0-rc.0.tgz",
      "integrity": "sha512-ohLl5C6k/cCNwcujOdG21SFC7+8j/6Z+6+IuLM6K/IiVh/IsMSYmPd1Pw2FZsaUdTmfZZGcgft3ETv+hXkHlAA=="
    },
    "@interactjs/dev-tools": {
      "version": "1.4.0-rc.0",
      "resolved": "https://registry.npmjs.org/@interactjs/dev-tools/-/dev-tools-1.4.0-rc.0.tgz",
      "integrity": "sha512-ZU7Nnm1QrxeayjHW5YYpPqfvacwhFBHkJWOP9XIWJxZuE5OX7iSgubagrj0DjqC+h+ETw+5+omEed6lGVs1o3A==",
      "requires": {
        "@interactjs/utils": "1.4.0-rc.0+sha.8dd437f"
      }
    },
    "@interactjs/inertia": {
      "version": "1.4.0-rc.0",
      "resolved": "https://registry.npmjs.org/@interactjs/inertia/-/inertia-1.4.0-rc.0.tgz",
      "integrity": "sha512-XX/oNGexmyAwb32kJgnUVCRb6+Y3IwjSU7wreuxMcF720YSRP4P6yxYRDSzvBKpHCoX7BXBFc/q9ZwhsJeljwg=="
    },
    "@interactjs/interact": {
      "version": "1.4.0-rc.0",
      "resolved": "https://registry.npmjs.org/@interactjs/interact/-/interact-1.4.0-rc.0.tgz",
      "integrity": "sha512-jZWHhjl6kXCM9oW6C7tX/NudcFQV2mpKH+LTczOCtjXwMa4mOObVmbH8tvxqFhKZnZn7S5DN+DEXZcAUBpsgFQ=="
    },
    "@interactjs/modifiers": {
      "version": "1.4.0-rc.0",
      "resolved": "https://registry.npmjs.org/@interactjs/modifiers/-/modifiers-1.4.0-rc.0.tgz",
      "integrity": "sha512-t3Tq75Sq+c8hjFTaCHGrZP13VgEBxyOlwYIRSzpWAzpbRy2JWCw0KBPG6zSDAyk6sOKTyIdgCQnECG4tpEM90g=="
    },
    "@interactjs/pointer-events": {
      "version": "1.4.0-rc.0",
      "resolved": "https://registry.npmjs.org/@interactjs/pointer-events/-/pointer-events-1.4.0-rc.0.tgz",
      "integrity": "sha512-xJK8tZtZs9xTJxIWosfqXzOj83hCjC4iZnk6YVD2jEi6epIIg9dSBRe3cbXXQhDAc3Mg5+pGQRhxYAKsIx78sA=="
    },
    "@interactjs/reflow": {
      "version": "1.4.0-rc.0",
      "resolved": "https://registry.npmjs.org/@interactjs/reflow/-/reflow-1.4.0-rc.0.tgz",
      "integrity": "sha512-e0UN5GS7+6evWXMWrwOagnof9cg9dkHkoYAezfIvFsHDueJp7XgEbJijBKhBmK0TerPOqhaDukuFFq1lh5fw5Q=="
    },
    "@interactjs/types": {
      "version": "1.4.0-rc.0",
      "resolved": "https://registry.npmjs.org/@interactjs/types/-/types-1.4.0-rc.0.tgz",
      "integrity": "sha512-E1gby+UT1E+7Duo8j1UxH9Pq4U6MTlWlL89HEWgE1ea18Hn0UrBIZV4QG4tkfqRlisWY+h3JRZrvy8yo35xWXg==",
      "requires": {
        "@interactjs/actions": "1.4.0-rc.0+sha.8dd437f",
        "@interactjs/auto-scroll": "1.4.0-rc.0+sha.8dd437f",
        "@interactjs/auto-start": "1.4.0-rc.0+sha.8dd437f",
        "@interactjs/core": "1.4.0-rc.0+sha.8dd437f",
        "@interactjs/dev-tools": "1.4.0-rc.0+sha.8dd437f",
        "@interactjs/inertia": "1.4.0-rc.0+sha.8dd437f",
        "@interactjs/interact": "1.4.0-rc.0+sha.8dd437f",
        "@interactjs/modifiers": "1.4.0-rc.0+sha.8dd437f",
        "@interactjs/pointer-events": "1.4.0-rc.0+sha.8dd437f",
        "@interactjs/reflow": "1.4.0-rc.0+sha.8dd437f",
        "@interactjs/utils": "1.4.0-rc.0+sha.8dd437f"
      }
    },
    "@interactjs/utils": {
      "version": "1.4.0-rc.0",
      "resolved": "https://registry.npmjs.org/@interactjs/utils/-/utils-1.4.0-rc.0.tgz",
      "integrity": "sha512-vRmXYPeFlgu1dKoz78U7Ocip341QgJ+3ArZvKZ5bl/YkiK649zHRHlPMHMMTQcm6xo+1zZBDyuLVsB4bfmQgkA=="
    },
    "heatmap.js": {
      "version": "2.0.5",
      "resolved": "https://registry.npmjs.org/heatmap.js/-/heatmap.js-2.0.5.tgz",
      "integrity": "sha1-Rm07hlE/XUkRKknSVwCrJzAUkVM="
    },
    "interactjs": {
      "version": "1.4.0-rc.0",
      "resolved": "https://registry.npmjs.org/interactjs/-/interactjs-1.4.0-rc.0.tgz",
      "integrity": "sha512-SLSlynUOrg/q+9UE1P4K0KDISLT7HQVCGFwngFUz8gSMw5QvyKRkcsgaVZuL7KgS5LoOF0h4fSkPrViGAFBACQ==",
      "requires": {
        "@interactjs/types": "1.4.0-rc.0+sha.8dd437f"
      }
    }
  }
}
